
Microsoft Visual Studio Solution File, Format Version 12.00
# Visual Studio Version 17
VisualStudioVersion = 17.14.36623.8 d17.14
MinimumVisualStudioVersion = 10.0.40219.1
Project("{FAE04EC0-301F-11D3-BF4B-00C04F79EFBC}") = "Hotel_Manager.API", "Hotel_Manager.API\Hotel_Manager.API.csproj", "{61958764-9D78-4FA1-BB12-7EC82D6F1318}"
EndProject
Project("{FAE04EC0-301F-11D3-BF4B-00C04F79EFBC}") = "Hotel_Manager.Core", "Hotel_Manager.Core\Hotel_Manager.Core.csproj", "{F05BCA5A-711B-46D0-81FA-09E34E2AB145}"
EndProject
Project("{FAE04EC0-301F-11D3-BF4B-00C04F79EFBC}") = "Hotel_Manager.Infrastructure", "Hotel_Manager.Infrastructure\Hotel_Manager.Infrastructure.csproj", "{B44917BB-9C64-4DD8-B4CA-8BC733DDF655}"
EndProject
Global
	GlobalSection(SolutionConfigurationPlatforms) = preSolution
		Debug|Any CPU = Debug|Any CPU
		Release|Any CPU = Release|Any CPU
	EndGlobalSection
	GlobalSection(ProjectConfigurationPlatforms) = postSolution
		{61958764-9D78-4FA1-BB12-7EC82D6F1318}.Debug|Any CPU.ActiveCfg = Debug|Any CPU
		{61958764-9D78-4FA1-BB12-7EC82D6F1318}.Debug|Any CPU.Build.0 = Debug|Any CPU
		{61958764-9D78-4FA1-BB12-7EC82D6F1318}.Release|Any CPU.ActiveCfg = Release|Any CPU
		{61958764-9D78-4FA1-BB12-7EC82D6F1318}.Release|Any CPU.Build.0 = Release|Any CPU
		{F05BCA5A-711B-46D0-81FA-09E34E2AB145}.Debug|Any CPU.ActiveCfg = Debug|Any CPU
		{F05BCA5A-711B-46D0-81FA-09E34E2AB145}.Debug|Any CPU.Build.0 = Debug|Any CPU
		{F05BCA5A-711B-46D0-81FA-09E34E2AB145}.Release|Any CPU.ActiveCfg = Release|Any CPU
		{F05BCA5A-711B-46D0-81FA-09E34E2AB145}.Release|Any CPU.Build.0 = Release|Any CPU
		{B44917BB-9C64-4DD8-B4CA-8BC733DDF655}.Debug|Any CPU.ActiveCfg = Debug|Any CPU
		{B44917BB-9C64-4DD8-B4CA-8BC733DDF655}.Debug|Any CPU.Build.0 = Debug|Any CPU
		{B44917BB-9C64-4DD8-B4CA-8BC733DDF655}.Release|Any CPU.ActiveCfg = Release|Any CPU
		{B44917BB-9C64-4DD8-B4CA-8BC733DDF655}.Release|Any CPU.Build.0 = Release|Any CPU
	EndGlobalSection
	GlobalSection(SolutionProperties) = preSolution
		HideSolutionNode = FALSE
	EndGlobalSection
	GlobalSection(ExtensibilityGlobals) = postSolution
		SolutionGuid = {D772E4FF-293D-4639-B9E3-265D1EB74C62}
	EndGlobalSection
EndGlobal
